
Microsoft Visual Studio Solution File, Format Version 12.00
# Visual Studio Version 17
VisualStudioVersion = 17.7.34202.233
MinimumVisualStudioVersion = 10.0.40219.1
Project("{FAE04EC0-301F-11D3-BF4B-00C04F79EFBC}") = "ATM Management System", "ATM Management System\ATM Management System.csproj", "{CB9AFCA4-746A-4CD0-A748-E1EFB35681DD}"
EndProject
Global
	GlobalSection(SolutionConfigurationPlatforms) = preSolution
		Debug|Any CPU = Debug|Any CPU
		Release|Any CPU = Release|Any CPU
	EndGlobalSection
	GlobalSection(ProjectConfigurationPlatforms) = postSolution
		{CB9AFCA4-746A-4CD0-A748-E1EFB35681DD}.Debug|Any CPU.ActiveCfg = Debug|Any CPU
		{CB9AFCA4-746A-4CD0-A748-E1EFB35681DD}.Debug|Any CPU.Build.0 = Debug|Any CPU
		{CB9AFCA4-746A-4CD0-A748-E1EFB35681DD}.Release|Any CPU.ActiveCfg = Release|Any CPU
		{CB9AFCA4-746A-4CD0-A748-E1EFB35681DD}.Release|Any CPU.Build.0 = Release|Any CPU
	EndGlobalSection
	GlobalSection(SolutionProperties) = preSolution
		HideSolutionNode = FALSE
	EndGlobalSection
	GlobalSection(ExtensibilityGlobals) = postSolution
		SolutionGuid = {F4E9E6BC-8E97-4360-8958-4FE3F332EDEE}
	EndGlobalSection
EndGlobal
